{
  "name": "termii-nodejs",
  "version": "1.1.1",
  "lockfileVersion": 2,
  "requires": true,
  "packages": {
    "": {
      "name": "termii-nodejs",
      "version": "1.1.1",
      "license": "MIT",
      "dependencies": {
        "axios": "^0.21.3",
        "termii-nodejs": "^1.0.0"
      }
    },
    "node_modules/axios": {
      "version": "0.21.3",
      "resolved": "https://registry.npmjs.org/axios/-/axios-0.21.3.tgz",
      "integrity": "sha512-JtoZ3Ndke/+Iwt5n+BgSli/3idTvpt5OjKyoCmz4LX5+lPiY5l7C1colYezhlxThjNa/NhngCUWZSZFypIFuaA==",
      "dependencies": {
        "follow-redirects": "^1.14.0"
      }
    },
    "node_modules/follow-redirects": {
      "version": "1.14.3",
      "resolved": "https://registry.npmjs.org/follow-redirects/-/follow-redirects-1.14.3.tgz",
      "integrity": "sha512-3MkHxknWMUtb23apkgz/83fDoe+y+qr0TdgacGIA7bew+QLBo3vdgEN2xEsuXNivpFy4CyDhBBZnNZOtalmenw==",
      "funding": [
        {
          "type": "individual",
          "url": "https://github.com/sponsors/RubenVerborgh"
        }
      ],
      "engines": {
        "node": ">=4.0"
      },
      "peerDependenciesMeta": {
        "debug": {
          "optional": true
        }
      }
    },
    "node_modules/termii-nodejs": {
      "version": "1.1.1",
      "resolved": "https://registry.npmjs.org/termii-nodejs/-/termii-nodejs-1.1.1.tgz",
      "integrity": "sha512-CJ8JPHvSx0ltoUjDRkNCubncwR5t1GD1zZXSVtJBOasAjSEnErDYuR6ZSeg84QOgxlD2Lrr8Ds55XRocEIui1w==",
      "dependencies": {
        "axios": "^0.21.3",
        "termii-nodejs": "^1.0.0"
      }
    }
  },
  "dependencies": {
    "axios": {
      "version": "0.21.3",
      "resolved": "https://registry.npmjs.org/axios/-/axios-0.21.3.tgz",
      "integrity": "sha512-JtoZ3Ndke/+Iwt5n+BgSli/3idTvpt5OjKyoCmz4LX5+lPiY5l7C1colYezhlxThjNa/NhngCUWZSZFypIFuaA==",
      "requires": {
        "follow-redirects": "^1.14.0"
      }
    },
    "follow-redirects": {
      "version": "1.14.3",
      "resolved": "https://registry.npmjs.org/follow-redirects/-/follow-redirects-1.14.3.tgz",
      "integrity": "sha512-3MkHxknWMUtb23apkgz/83fDoe+y+qr0TdgacGIA7bew+QLBo3vdgEN2xEsuXNivpFy4CyDhBBZnNZOtalmenw=="
    },
    "termii-nodejs": {
      "version": "1.1.1",
      "resolved": "https://registry.npmjs.org/termii-nodejs/-/termii-nodejs-1.1.1.tgz",
      "integrity": "sha512-CJ8JPHvSx0ltoUjDRkNCubncwR5t1GD1zZXSVtJBOasAjSEnErDYuR6ZSeg84QOgxlD2Lrr8Ds55XRocEIui1w==",
      "requires": {
        "axios": "^0.21.3",
        "termii-nodejs": "^1.0.0"
      }
    }
  }
}
